
Microsoft Visual Studio Solution File, Format Version 12.00
# Visual Studio 14
VisualStudioVersion = 14.0.25123.0
MinimumVisualStudioVersion = 10.0.40219.1
Project("{FAE04EC0-301F-11D3-BF4B-00C04F79EFBC}") = "Smallet.IOS", "Smallet.IOS\Smallet.IOS.csproj", "{9DFC4BBE-9900-4E22-A277-A1827833154E}"
EndProject
Project("{FAE04EC0-301F-11D3-BF4B-00C04F79EFBC}") = "Smallet.Droid", "Smallet.Droid\Smallet.Droid.csproj", "{6C15920F-7D82-4B77-98AB-7B835E6ADA0F}"
EndProject
Global
	GlobalSection(SolutionConfigurationPlatforms) = preSolution
		Ad-Hoc|Any CPU = Ad-Hoc|Any CPU
		Ad-Hoc|iPhone = Ad-Hoc|iPhone
		Ad-Hoc|iPhoneSimulator = Ad-Hoc|iPhoneSimulator
		AppStore|Any CPU = AppStore|Any CPU
		AppStore|iPhone = AppStore|iPhone
		AppStore|iPhoneSimulator = AppStore|iPhoneSimulator
		Debug|Any CPU = Debug|Any CPU
		Debug|iPhone = Debug|iPhone
		Debug|iPhoneSimulator = Debug|iPhoneSimulator
		Release|Any CPU = Release|Any CPU
		Release|iPhone = Release|iPhone
		Release|iPhoneSimulator = Release|iPhoneSimulator
	EndGlobalSection
	GlobalSection(ProjectConfigurationPlatforms) = postSolution
		{9DFC4BBE-9900-4E22-A277-A1827833154E}.Ad-Hoc|Any CPU.ActiveCfg = Ad-Hoc|iPhone
		{9DFC4BBE-9900-4E22-A277-A1827833154E}.Ad-Hoc|iPhone.ActiveCfg = Ad-Hoc|iPhone
		{9DFC4BBE-9900-4E22-A277-A1827833154E}.Ad-Hoc|iPhone.Build.0 = Ad-Hoc|iPhone
		{9DFC4BBE-9900-4E22-A277-A1827833154E}.Ad-Hoc|iPhoneSimulator.ActiveCfg = Ad-Hoc|iPhoneSimulator
		{9DFC4BBE-9900-4E22-A277-A1827833154E}.Ad-Hoc|iPhoneSimulator.Build.0 = Ad-Hoc|iPhoneSimulator
		{9DFC4BBE-9900-4E22-A277-A1827833154E}.AppStore|Any CPU.ActiveCfg = AppStore|iPhone
		{9DFC4BBE-9900-4E22-A277-A1827833154E}.AppStore|iPhone.ActiveCfg = AppStore|iPhone
		{9DFC4BBE-9900-4E22-A277-A1827833154E}.AppStore|iPhone.Build.0 = AppStore|iPhone
		{9DFC4BBE-9900-4E22-A277-A1827833154E}.AppStore|iPhoneSimulator.ActiveCfg = AppStore|iPhoneSimulator
		{9DFC4BBE-9900-4E22-A277-A1827833154E}.AppStore|iPhoneSimulator.Build.0 = AppStore|iPhoneSimulator
		{9DFC4BBE-9900-4E22-A277-A1827833154E}.Debug|Any CPU.ActiveCfg = Debug|iPhone
		{9DFC4BBE-9900-4E22-A277-A1827833154E}.Debug|iPhone.ActiveCfg = Debug|iPhone
		{9DFC4BBE-9900-4E22-A277-A1827833154E}.Debug|iPhone.Build.0 = Debug|iPhone
		{9DFC4BBE-9900-4E22-A277-A1827833154E}.Debug|iPhoneSimulator.ActiveCfg = Debug|iPhoneSimulator
		{9DFC4BBE-9900-4E22-A277-A1827833154E}.Debug|iPhoneSimulator.Build.0 = Debug|iPhoneSimulator
		{9DFC4BBE-9900-4E22-A277-A1827833154E}.Release|Any CPU.ActiveCfg = Release|iPhone
		{9DFC4BBE-9900-4E22-A277-A1827833154E}.Release|iPhone.ActiveCfg = Release|iPhone
		{9DFC4BBE-9900-4E22-A277-A1827833154E}.Release|iPhone.Build.0 = Release|iPhone
		{9DFC4BBE-9900-4E22-A277-A1827833154E}.Release|iPhoneSimulator.ActiveCfg = Release|iPhoneSimulator
		{9DFC4BBE-9900-4E22-A277-A1827833154E}.Release|iPhoneSimulator.Build.0 = Release|iPhoneSimulator
		{6C15920F-7D82-4B77-98AB-7B835E6ADA0F}.Ad-Hoc|Any CPU.ActiveCfg = Release|Any CPU
		{6C15920F-7D82-4B77-98AB-7B835E6ADA0F}.Ad-Hoc|Any CPU.Build.0 = Release|Any CPU
		{6C15920F-7D82-4B77-98AB-7B835E6ADA0F}.Ad-Hoc|Any CPU.Deploy.0 = Release|Any CPU
		{6C15920F-7D82-4B77-98AB-7B835E6ADA0F}.Ad-Hoc|iPhone.ActiveCfg = Release|Any CPU
		{6C15920F-7D82-4B77-98AB-7B835E6ADA0F}.Ad-Hoc|iPhone.Build.0 = Release|Any CPU
		{6C15920F-7D82-4B77-98AB-7B835E6ADA0F}.Ad-Hoc|iPhone.Deploy.0 = Release|Any CPU
		{6C15920F-7D82-4B77-98AB-7B835E6ADA0F}.Ad-Hoc|iPhoneSimulator.ActiveCfg = Release|Any CPU
		{6C15920F-7D82-4B77-98AB-7B835E6ADA0F}.Ad-Hoc|iPhoneSimulator.Build.0 = Release|Any CPU
		{6C15920F-7D82-4B77-98AB-7B835E6ADA0F}.Ad-Hoc|iPhoneSimulator.Deploy.0 = Release|Any CPU
		{6C15920F-7D82-4B77-98AB-7B835E6ADA0F}.AppStore|Any CPU.ActiveCfg = Release|Any CPU
		{6C15920F-7D82-4B77-98AB-7B835E6ADA0F}.AppStore|Any CPU.Build.0 = Release|Any CPU
		{6C15920F-7D82-4B77-98AB-7B835E6ADA0F}.AppStore|Any CPU.Deploy.0 = Release|Any CPU
		{6C15920F-7D82-4B77-98AB-7B835E6ADA0F}.AppStore|iPhone.ActiveCfg = Release|Any CPU
		{6C15920F-7D82-4B77-98AB-7B835E6ADA0F}.AppStore|iPhone.Build.0 = Release|Any CPU
		{6C15920F-7D82-4B77-98AB-7B835E6ADA0F}.AppStore|iPhone.Deploy.0 = Release|Any CPU
		{6C15920F-7D82-4B77-98AB-7B835E6ADA0F}.AppStore|iPhoneSimulator.ActiveCfg = Release|Any CPU
		{6C15920F-7D82-4B77-98AB-7B835E6ADA0F}.AppStore|iPhoneSimulator.Build.0 = Release|Any CPU
		{6C15920F-7D82-4B77-98AB-7B835E6ADA0F}.AppStore|iPhoneSimulator.Deploy.0 = Release|Any CPU
		{6C15920F-7D82-4B77-98AB-7B835E6ADA0F}.Debug|Any CPU.ActiveCfg = Debug|Any CPU
		{6C15920F-7D82-4B77-98AB-7B835E6ADA0F}.Debug|Any CPU.Build.0 = Debug|Any CPU
		{6C15920F-7D82-4B77-98AB-7B835E6ADA0F}.Debug|Any CPU.Deploy.0 = Debug|Any CPU
		{6C15920F-7D82-4B77-98AB-7B835E6ADA0F}.Debug|iPhone.ActiveCfg = Debug|Any CPU
		{6C15920F-7D82-4B77-98AB-7B835E6ADA0F}.Debug|iPhone.Build.0 = Debug|Any CPU
		{6C15920F-7D82-4B77-98AB-7B835E6ADA0F}.Debug|iPhone.Deploy.0 = Debug|Any CPU
		{6C15920F-7D82-4B77-98AB-7B835E6ADA0F}.Debug|iPhoneSimulator.ActiveCfg = Debug|Any CPU
		{6C15920F-7D82-4B77-98AB-7B835E6ADA0F}.Debug|iPhoneSimulator.Build.0 = Debug|Any CPU
		{6C15920F-7D82-4B77-98AB-7B835E6ADA0F}.Debug|iPhoneSimulator.Deploy.0 = Debug|Any CPU
		{6C15920F-7D82-4B77-98AB-7B835E6ADA0F}.Release|Any CPU.ActiveCfg = Release|Any CPU
		{6C15920F-7D82-4B77-98AB-7B835E6ADA0F}.Release|Any CPU.Build.0 = Release|Any CPU
		{6C15920F-7D82-4B77-98AB-7B835E6ADA0F}.Release|Any CPU.Deploy.0 = Release|Any CPU
		{6C15920F-7D82-4B77-98AB-7B835E6ADA0F}.Release|iPhone.ActiveCfg = Release|Any CPU
		{6C15920F-7D82-4B77-98AB-7B835E6ADA0F}.Release|iPhone.Build.0 = Release|Any CPU
		{6C15920F-7D82-4B77-98AB-7B835E6ADA0F}.Release|iPhone.Deploy.0 = Release|Any CPU
		{6C15920F-7D82-4B77-98AB-7B835E6ADA0F}.Release|iPhoneSimulator.ActiveCfg = Release|Any CPU
		{6C15920F-7D82-4B77-98AB-7B835E6ADA0F}.Release|iPhoneSimulator.Build.0 = Release|Any CPU
		{6C15920F-7D82-4B77-98AB-7B835E6ADA0F}.Release|iPhoneSimulator.Deploy.0 = Release|Any CPU
	EndGlobalSection
	GlobalSection(SolutionProperties) = preSolution
		HideSolutionNode = FALSE
	EndGlobalSection
EndGlobal
