
Microsoft Visual Studio Solution File, Format Version 12.00
# Visual Studio 14
VisualStudioVersion = 14.0.25123.0
MinimumVisualStudioVersion = 10.0.40219.1
Project("{FAE04EC0-301F-11D3-BF4B-00C04F79EFBC}") = "Smallet.Droid", "Smallet\Smallet.Droid\Smallet.Droid.csproj", "{6DA7ACA5-CAEC-42B5-B024-917856A28E6A}"
EndProject
Project("{FAE04EC0-301F-11D3-BF4B-00C04F79EFBC}") = "Smallet.iOS", "Smallet\Smallet.iOS\Smallet.iOS.csproj", "{F980561E-959A-40A3-AB10-D1E3211812CD}"
EndProject
Project("{FAE04EC0-301F-11D3-BF4B-00C04F79EFBC}") = "Smallet.WinPhone", "Smallet\Smallet.WinPhone\Smallet.WinPhone.csproj", "{5BCEDA23-5DAD-4E1C-B229-70B5701C21A0}"
EndProject
Project("{FAE04EC0-301F-11D3-BF4B-00C04F79EFBC}") = "Smallet.UWP", "Smallet\Smallet.UWP\Smallet.UWP.csproj", "{E64BCDB8-639A-401D-AFB1-138CD7431D66}"
EndProject
Project("{FAE04EC0-301F-11D3-BF4B-00C04F79EFBC}") = "Smallet.Windows", "Smallet\Smallet.Windows\Smallet.Windows.csproj", "{7E16D3EA-FDE4-42F0-8650-16ABAA319895}"
EndProject
Project("{FAE04EC0-301F-11D3-BF4B-00C04F79EFBC}") = "Smallet", "Smallet\Smallet\Smallet.csproj", "{C888414F-8B81-459E-82FE-52E2837D1DB7}"
EndProject
Global
	GlobalSection(SolutionConfigurationPlatforms) = preSolution
		Ad-Hoc|Any CPU = Ad-Hoc|Any CPU
		Ad-Hoc|ARM = Ad-Hoc|ARM
		Ad-Hoc|iPhone = Ad-Hoc|iPhone
		Ad-Hoc|iPhoneSimulator = Ad-Hoc|iPhoneSimulator
		Ad-Hoc|x64 = Ad-Hoc|x64
		Ad-Hoc|x86 = Ad-Hoc|x86
		AppStore|Any CPU = AppStore|Any CPU
		AppStore|ARM = AppStore|ARM
		AppStore|iPhone = AppStore|iPhone
		AppStore|iPhoneSimulator = AppStore|iPhoneSimulator
		AppStore|x64 = AppStore|x64
		AppStore|x86 = AppStore|x86
		Debug|Any CPU = Debug|Any CPU
		Debug|ARM = Debug|ARM
		Debug|iPhone = Debug|iPhone
		Debug|iPhoneSimulator = Debug|iPhoneSimulator
		Debug|x64 = Debug|x64
		Debug|x86 = Debug|x86
		Release|Any CPU = Release|Any CPU
		Release|ARM = Release|ARM
		Release|iPhone = Release|iPhone
		Release|iPhoneSimulator = Release|iPhoneSimulator
		Release|x64 = Release|x64
		Release|x86 = Release|x86
	EndGlobalSection
	GlobalSection(ProjectConfigurationPlatforms) = postSolution
		{6DA7ACA5-CAEC-42B5-B024-917856A28E6A}.Ad-Hoc|Any CPU.ActiveCfg = Release|Any CPU
		{6DA7ACA5-CAEC-42B5-B024-917856A28E6A}.Ad-Hoc|Any CPU.Build.0 = Release|Any CPU
		{6DA7ACA5-CAEC-42B5-B024-917856A28E6A}.Ad-Hoc|Any CPU.Deploy.0 = Release|Any CPU
		{6DA7ACA5-CAEC-42B5-B024-917856A28E6A}.Ad-Hoc|ARM.ActiveCfg = Release|Any CPU
		{6DA7ACA5-CAEC-42B5-B024-917856A28E6A}.Ad-Hoc|ARM.Build.0 = Release|Any CPU
		{6DA7ACA5-CAEC-42B5-B024-917856A28E6A}.Ad-Hoc|ARM.Deploy.0 = Release|Any CPU
		{6DA7ACA5-CAEC-42B5-B024-917856A28E6A}.Ad-Hoc|iPhone.ActiveCfg = Release|Any CPU
		{6DA7ACA5-CAEC-42B5-B024-917856A28E6A}.Ad-Hoc|iPhone.Build.0 = Release|Any CPU
		{6DA7ACA5-CAEC-42B5-B024-917856A28E6A}.Ad-Hoc|iPhone.Deploy.0 = Release|Any CPU
		{6DA7ACA5-CAEC-42B5-B024-917856A28E6A}.Ad-Hoc|iPhoneSimulator.ActiveCfg = Release|Any CPU
		{6DA7ACA5-CAEC-42B5-B024-917856A28E6A}.Ad-Hoc|iPhoneSimulator.Build.0 = Release|Any CPU
		{6DA7ACA5-CAEC-42B5-B024-917856A28E6A}.Ad-Hoc|iPhoneSimulator.Deploy.0 = Release|Any CPU
		{6DA7ACA5-CAEC-42B5-B024-917856A28E6A}.Ad-Hoc|x64.ActiveCfg = Release|Any CPU
		{6DA7ACA5-CAEC-42B5-B024-917856A28E6A}.Ad-Hoc|x64.Build.0 = Release|Any CPU
		{6DA7ACA5-CAEC-42B5-B024-917856A28E6A}.Ad-Hoc|x64.Deploy.0 = Release|Any CPU
		{6DA7ACA5-CAEC-42B5-B024-917856A28E6A}.Ad-Hoc|x86.ActiveCfg = Release|Any CPU
		{6DA7ACA5-CAEC-42B5-B024-917856A28E6A}.Ad-Hoc|x86.Build.0 = Release|Any CPU
		{6DA7ACA5-CAEC-42B5-B024-917856A28E6A}.Ad-Hoc|x86.Deploy.0 = Release|Any CPU
		{6DA7ACA5-CAEC-42B5-B024-917856A28E6A}.AppStore|Any CPU.ActiveCfg = Release|Any CPU
		{6DA7ACA5-CAEC-42B5-B024-917856A28E6A}.AppStore|Any CPU.Build.0 = Release|Any CPU
		{6DA7ACA5-CAEC-42B5-B024-917856A28E6A}.AppStore|Any CPU.Deploy.0 = Release|Any CPU
		{6DA7ACA5-CAEC-42B5-B024-917856A28E6A}.AppStore|ARM.ActiveCfg = Release|Any CPU
		{6DA7ACA5-CAEC-42B5-B024-917856A28E6A}.AppStore|ARM.Build.0 = Release|Any CPU
		{6DA7ACA5-CAEC-42B5-B024-917856A28E6A}.AppStore|ARM.Deploy.0 = Release|Any CPU
		{6DA7ACA5-CAEC-42B5-B024-917856A28E6A}.AppStore|iPhone.ActiveCfg = Release|Any CPU
		{6DA7ACA5-CAEC-42B5-B024-917856A28E6A}.AppStore|iPhone.Build.0 = Release|Any CPU
		{6DA7ACA5-CAEC-42B5-B024-917856A28E6A}.AppStore|iPhone.Deploy.0 = Release|Any CPU
		{6DA7ACA5-CAEC-42B5-B024-917856A28E6A}.AppStore|iPhoneSimulator.ActiveCfg = Release|Any CPU
		{6DA7ACA5-CAEC-42B5-B024-917856A28E6A}.AppStore|iPhoneSimulator.Build.0 = Release|Any CPU
		{6DA7ACA5-CAEC-42B5-B024-917856A28E6A}.AppStore|iPhoneSimulator.Deploy.0 = Release|Any CPU
		{6DA7ACA5-CAEC-42B5-B024-917856A28E6A}.AppStore|x64.ActiveCfg = Release|Any CPU
		{6DA7ACA5-CAEC-42B5-B024-917856A28E6A}.AppStore|x64.Build.0 = Release|Any CPU
		{6DA7ACA5-CAEC-42B5-B024-917856A28E6A}.AppStore|x64.Deploy.0 = Release|Any CPU
		{6DA7ACA5-CAEC-42B5-B024-917856A28E6A}.AppStore|x86.ActiveCfg = Release|Any CPU
		{6DA7ACA5-CAEC-42B5-B024-917856A28E6A}.AppStore|x86.Build.0 = Release|Any CPU
		{6DA7ACA5-CAEC-42B5-B024-917856A28E6A}.AppStore|x86.Deploy.0 = Release|Any CPU
		{6DA7ACA5-CAEC-42B5-B024-917856A28E6A}.Debug|Any CPU.ActiveCfg = Debug|Any CPU
		{6DA7ACA5-CAEC-42B5-B024-917856A28E6A}.Debug|Any CPU.Build.0 = Debug|Any CPU
		{6DA7ACA5-CAEC-42B5-B024-917856A28E6A}.Debug|Any CPU.Deploy.0 = Debug|Any CPU
		{6DA7ACA5-CAEC-42B5-B024-917856A28E6A}.Debug|ARM.ActiveCfg = Debug|Any CPU
		{6DA7ACA5-CAEC-42B5-B024-917856A28E6A}.Debug|ARM.Build.0 = Debug|Any CPU
		{6DA7ACA5-CAEC-42B5-B024-917856A28E6A}.Debug|ARM.Deploy.0 = Debug|Any CPU
		{6DA7ACA5-CAEC-42B5-B024-917856A28E6A}.Debug|iPhone.ActiveCfg = Debug|Any CPU
		{6DA7ACA5-CAEC-42B5-B024-917856A28E6A}.Debug|iPhone.Build.0 = Debug|Any CPU
		{6DA7ACA5-CAEC-42B5-B024-917856A28E6A}.Debug|iPhone.Deploy.0 = Debug|Any CPU
		{6DA7ACA5-CAEC-42B5-B024-917856A28E6A}.Debug|iPhoneSimulator.ActiveCfg = Debug|Any CPU
		{6DA7ACA5-CAEC-42B5-B024-917856A28E6A}.Debug|iPhoneSimulator.Build.0 = Debug|Any CPU
		{6DA7ACA5-CAEC-42B5-B024-917856A28E6A}.Debug|iPhoneSimulator.Deploy.0 = Debug|Any CPU
		{6DA7ACA5-CAEC-42B5-B024-917856A28E6A}.Debug|x64.ActiveCfg = Debug|Any CPU
		{6DA7ACA5-CAEC-42B5-B024-917856A28E6A}.Debug|x64.Build.0 = Debug|Any CPU
		{6DA7ACA5-CAEC-42B5-B024-917856A28E6A}.Debug|x64.Deploy.0 = Debug|Any CPU
		{6DA7ACA5-CAEC-42B5-B024-917856A28E6A}.Debug|x86.ActiveCfg = Debug|Any CPU
		{6DA7ACA5-CAEC-42B5-B024-917856A28E6A}.Debug|x86.Build.0 = Debug|Any CPU
		{6DA7ACA5-CAEC-42B5-B024-917856A28E6A}.Debug|x86.Deploy.0 = Debug|Any CPU
		{6DA7ACA5-CAEC-42B5-B024-917856A28E6A}.Release|Any CPU.ActiveCfg = Release|Any CPU
		{6DA7ACA5-CAEC-42B5-B024-917856A28E6A}.Release|Any CPU.Build.0 = Release|Any CPU
		{6DA7ACA5-CAEC-42B5-B024-917856A28E6A}.Release|Any CPU.Deploy.0 = Release|Any CPU
		{6DA7ACA5-CAEC-42B5-B024-917856A28E6A}.Release|ARM.ActiveCfg = Release|Any CPU
		{6DA7ACA5-CAEC-42B5-B024-917856A28E6A}.Release|ARM.Build.0 = Release|Any CPU
		{6DA7ACA5-CAEC-42B5-B024-917856A28E6A}.Release|ARM.Deploy.0 = Release|Any CPU
		{6DA7ACA5-CAEC-42B5-B024-917856A28E6A}.Release|iPhone.ActiveCfg = Release|Any CPU
		{6DA7ACA5-CAEC-42B5-B024-917856A28E6A}.Release|iPhone.Build.0 = Release|Any CPU
		{6DA7ACA5-CAEC-42B5-B024-917856A28E6A}.Release|iPhone.Deploy.0 = Release|Any CPU
		{6DA7ACA5-CAEC-42B5-B024-917856A28E6A}.Release|iPhoneSimulator.ActiveCfg = Release|Any CPU
		{6DA7ACA5-CAEC-42B5-B024-917856A28E6A}.Release|iPhoneSimulator.Build.0 = Release|Any CPU
		{6DA7ACA5-CAEC-42B5-B024-917856A28E6A}.Release|iPhoneSimulator.Deploy.0 = Release|Any CPU
		{6DA7ACA5-CAEC-42B5-B024-917856A28E6A}.Release|x64.ActiveCfg = Release|Any CPU
		{6DA7ACA5-CAEC-42B5-B024-917856A28E6A}.Release|x64.Build.0 = Release|Any CPU
		{6DA7ACA5-CAEC-42B5-B024-917856A28E6A}.Release|x64.Deploy.0 = Release|Any CPU
		{6DA7ACA5-CAEC-42B5-B024-917856A28E6A}.Release|x86.ActiveCfg = Release|Any CPU
		{6DA7ACA5-CAEC-42B5-B024-917856A28E6A}.Release|x86.Build.0 = Release|Any CPU
		{6DA7ACA5-CAEC-42B5-B024-917856A28E6A}.Release|x86.Deploy.0 = Release|Any CPU
		{F980561E-959A-40A3-AB10-D1E3211812CD}.Ad-Hoc|Any CPU.ActiveCfg = Ad-Hoc|iPhone
		{F980561E-959A-40A3-AB10-D1E3211812CD}.Ad-Hoc|ARM.ActiveCfg = Ad-Hoc|iPhone
		{F980561E-959A-40A3-AB10-D1E3211812CD}.Ad-Hoc|iPhone.ActiveCfg = Ad-Hoc|iPhone
		{F980561E-959A-40A3-AB10-D1E3211812CD}.Ad-Hoc|iPhone.Build.0 = Ad-Hoc|iPhone
		{F980561E-959A-40A3-AB10-D1E3211812CD}.Ad-Hoc|iPhoneSimulator.ActiveCfg = Ad-Hoc|iPhoneSimulator
		{F980561E-959A-40A3-AB10-D1E3211812CD}.Ad-Hoc|iPhoneSimulator.Build.0 = Ad-Hoc|iPhoneSimulator
		{F980561E-959A-40A3-AB10-D1E3211812CD}.Ad-Hoc|x64.ActiveCfg = Ad-Hoc|iPhone
		{F980561E-959A-40A3-AB10-D1E3211812CD}.Ad-Hoc|x86.ActiveCfg = Ad-Hoc|iPhone
		{F980561E-959A-40A3-AB10-D1E3211812CD}.AppStore|Any CPU.ActiveCfg = AppStore|iPhone
		{F980561E-959A-40A3-AB10-D1E3211812CD}.AppStore|ARM.ActiveCfg = AppStore|iPhone
		{F980561E-959A-40A3-AB10-D1E3211812CD}.AppStore|iPhone.ActiveCfg = AppStore|iPhone
		{F980561E-959A-40A3-AB10-D1E3211812CD}.AppStore|iPhone.Build.0 = AppStore|iPhone
		{F980561E-959A-40A3-AB10-D1E3211812CD}.AppStore|iPhoneSimulator.ActiveCfg = AppStore|iPhoneSimulator
		{F980561E-959A-40A3-AB10-D1E3211812CD}.AppStore|iPhoneSimulator.Build.0 = AppStore|iPhoneSimulator
		{F980561E-959A-40A3-AB10-D1E3211812CD}.AppStore|x64.ActiveCfg = AppStore|iPhone
		{F980561E-959A-40A3-AB10-D1E3211812CD}.AppStore|x86.ActiveCfg = AppStore|iPhone
		{F980561E-959A-40A3-AB10-D1E3211812CD}.Debug|Any CPU.ActiveCfg = Debug|iPhone
		{F980561E-959A-40A3-AB10-D1E3211812CD}.Debug|ARM.ActiveCfg = Debug|iPhone
		{F980561E-959A-40A3-AB10-D1E3211812CD}.Debug|iPhone.ActiveCfg = Debug|iPhone
		{F980561E-959A-40A3-AB10-D1E3211812CD}.Debug|iPhone.Build.0 = Debug|iPhone
		{F980561E-959A-40A3-AB10-D1E3211812CD}.Debug|iPhoneSimulator.ActiveCfg = Debug|iPhoneSimulator
		{F980561E-959A-40A3-AB10-D1E3211812CD}.Debug|iPhoneSimulator.Build.0 = Debug|iPhoneSimulator
		{F980561E-959A-40A3-AB10-D1E3211812CD}.Debug|x64.ActiveCfg = Debug|iPhone
		{F980561E-959A-40A3-AB10-D1E3211812CD}.Debug|x86.ActiveCfg = Debug|iPhone
		{F980561E-959A-40A3-AB10-D1E3211812CD}.Release|Any CPU.ActiveCfg = Release|iPhone
		{F980561E-959A-40A3-AB10-D1E3211812CD}.Release|ARM.ActiveCfg = Release|iPhone
		{F980561E-959A-40A3-AB10-D1E3211812CD}.Release|iPhone.ActiveCfg = Release|iPhone
		{F980561E-959A-40A3-AB10-D1E3211812CD}.Release|iPhone.Build.0 = Release|iPhone
		{F980561E-959A-40A3-AB10-D1E3211812CD}.Release|iPhoneSimulator.ActiveCfg = Release|iPhoneSimulator
		{F980561E-959A-40A3-AB10-D1E3211812CD}.Release|iPhoneSimulator.Build.0 = Release|iPhoneSimulator
		{F980561E-959A-40A3-AB10-D1E3211812CD}.Release|x64.ActiveCfg = Release|iPhone
		{F980561E-959A-40A3-AB10-D1E3211812CD}.Release|x86.ActiveCfg = Release|iPhone
		{5BCEDA23-5DAD-4E1C-B229-70B5701C21A0}.Ad-Hoc|Any CPU.ActiveCfg = Release|Any CPU
		{5BCEDA23-5DAD-4E1C-B229-70B5701C21A0}.Ad-Hoc|Any CPU.Build.0 = Release|Any CPU
		{5BCEDA23-5DAD-4E1C-B229-70B5701C21A0}.Ad-Hoc|Any CPU.Deploy.0 = Release|Any CPU
		{5BCEDA23-5DAD-4E1C-B229-70B5701C21A0}.Ad-Hoc|ARM.ActiveCfg = Release|ARM
		{5BCEDA23-5DAD-4E1C-B229-70B5701C21A0}.Ad-Hoc|ARM.Build.0 = Release|ARM
		{5BCEDA23-5DAD-4E1C-B229-70B5701C21A0}.Ad-Hoc|ARM.Deploy.0 = Release|ARM
		{5BCEDA23-5DAD-4E1C-B229-70B5701C21A0}.Ad-Hoc|iPhone.ActiveCfg = Release|Any CPU
		{5BCEDA23-5DAD-4E1C-B229-70B5701C21A0}.Ad-Hoc|iPhone.Build.0 = Release|Any CPU
		{5BCEDA23-5DAD-4E1C-B229-70B5701C21A0}.Ad-Hoc|iPhone.Deploy.0 = Release|Any CPU
		{5BCEDA23-5DAD-4E1C-B229-70B5701C21A0}.Ad-Hoc|iPhoneSimulator.ActiveCfg = Release|Any CPU
		{5BCEDA23-5DAD-4E1C-B229-70B5701C21A0}.Ad-Hoc|iPhoneSimulator.Build.0 = Release|Any CPU
		{5BCEDA23-5DAD-4E1C-B229-70B5701C21A0}.Ad-Hoc|iPhoneSimulator.Deploy.0 = Release|Any CPU
		{5BCEDA23-5DAD-4E1C-B229-70B5701C21A0}.Ad-Hoc|x64.ActiveCfg = Release|Any CPU
		{5BCEDA23-5DAD-4E1C-B229-70B5701C21A0}.Ad-Hoc|x64.Build.0 = Release|Any CPU
		{5BCEDA23-5DAD-4E1C-B229-70B5701C21A0}.Ad-Hoc|x64.Deploy.0 = Release|Any CPU
		{5BCEDA23-5DAD-4E1C-B229-70B5701C21A0}.Ad-Hoc|x86.ActiveCfg = Release|x86
		{5BCEDA23-5DAD-4E1C-B229-70B5701C21A0}.Ad-Hoc|x86.Build.0 = Release|x86
		{5BCEDA23-5DAD-4E1C-B229-70B5701C21A0}.Ad-Hoc|x86.Deploy.0 = Release|x86
		{5BCEDA23-5DAD-4E1C-B229-70B5701C21A0}.AppStore|Any CPU.ActiveCfg = Release|Any CPU
		{5BCEDA23-5DAD-4E1C-B229-70B5701C21A0}.AppStore|Any CPU.Build.0 = Release|Any CPU
		{5BCEDA23-5DAD-4E1C-B229-70B5701C21A0}.AppStore|Any CPU.Deploy.0 = Release|Any CPU
		{5BCEDA23-5DAD-4E1C-B229-70B5701C21A0}.AppStore|ARM.ActiveCfg = Release|ARM
		{5BCEDA23-5DAD-4E1C-B229-70B5701C21A0}.AppStore|ARM.Build.0 = Release|ARM
		{5BCEDA23-5DAD-4E1C-B229-70B5701C21A0}.AppStore|ARM.Deploy.0 = Release|ARM
		{5BCEDA23-5DAD-4E1C-B229-70B5701C21A0}.AppStore|iPhone.ActiveCfg = Release|Any CPU
		{5BCEDA23-5DAD-4E1C-B229-70B5701C21A0}.AppStore|iPhone.Build.0 = Release|Any CPU
		{5BCEDA23-5DAD-4E1C-B229-70B5701C21A0}.AppStore|iPhone.Deploy.0 = Release|Any CPU
		{5BCEDA23-5DAD-4E1C-B229-70B5701C21A0}.AppStore|iPhoneSimulator.ActiveCfg = Release|Any CPU
		{5BCEDA23-5DAD-4E1C-B229-70B5701C21A0}.AppStore|iPhoneSimulator.Build.0 = Release|Any CPU
		{5BCEDA23-5DAD-4E1C-B229-70B5701C21A0}.AppStore|iPhoneSimulator.Deploy.0 = Release|Any CPU
		{5BCEDA23-5DAD-4E1C-B229-70B5701C21A0}.AppStore|x64.ActiveCfg = Release|Any CPU
		{5BCEDA23-5DAD-4E1C-B229-70B5701C21A0}.AppStore|x64.Build.0 = Release|Any CPU
		{5BCEDA23-5DAD-4E1C-B229-70B5701C21A0}.AppStore|x64.Deploy.0 = Release|Any CPU
		{5BCEDA23-5DAD-4E1C-B229-70B5701C21A0}.AppStore|x86.ActiveCfg = Release|x86
		{5BCEDA23-5DAD-4E1C-B229-70B5701C21A0}.AppStore|x86.Build.0 = Release|x86
		{5BCEDA23-5DAD-4E1C-B229-70B5701C21A0}.AppStore|x86.Deploy.0 = Release|x86
		{5BCEDA23-5DAD-4E1C-B229-70B5701C21A0}.Debug|Any CPU.ActiveCfg = Debug|Any CPU
		{5BCEDA23-5DAD-4E1C-B229-70B5701C21A0}.Debug|Any CPU.Build.0 = Debug|Any CPU
		{5BCEDA23-5DAD-4E1C-B229-70B5701C21A0}.Debug|Any CPU.Deploy.0 = Debug|Any CPU
		{5BCEDA23-5DAD-4E1C-B229-70B5701C21A0}.Debug|ARM.ActiveCfg = Debug|ARM
		{5BCEDA23-5DAD-4E1C-B229-70B5701C21A0}.Debug|ARM.Build.0 = Debug|ARM
		{5BCEDA23-5DAD-4E1C-B229-70B5701C21A0}.Debug|ARM.Deploy.0 = Debug|ARM
		{5BCEDA23-5DAD-4E1C-B229-70B5701C21A0}.Debug|iPhone.ActiveCfg = Debug|Any CPU
		{5BCEDA23-5DAD-4E1C-B229-70B5701C21A0}.Debug|iPhone.Build.0 = Debug|Any CPU
		{5BCEDA23-5DAD-4E1C-B229-70B5701C21A0}.Debug|iPhone.Deploy.0 = Debug|Any CPU
		{5BCEDA23-5DAD-4E1C-B229-70B5701C21A0}.Debug|iPhoneSimulator.ActiveCfg = Debug|Any CPU
		{5BCEDA23-5DAD-4E1C-B229-70B5701C21A0}.Debug|iPhoneSimulator.Build.0 = Debug|Any CPU
		{5BCEDA23-5DAD-4E1C-B229-70B5701C21A0}.Debug|iPhoneSimulator.Deploy.0 = Debug|Any CPU
		{5BCEDA23-5DAD-4E1C-B229-70B5701C21A0}.Debug|x64.ActiveCfg = Debug|Any CPU
		{5BCEDA23-5DAD-4E1C-B229-70B5701C21A0}.Debug|x64.Build.0 = Debug|Any CPU
		{5BCEDA23-5DAD-4E1C-B229-70B5701C21A0}.Debug|x64.Deploy.0 = Debug|Any CPU
		{5BCEDA23-5DAD-4E1C-B229-70B5701C21A0}.Debug|x86.ActiveCfg = Debug|x86
		{5BCEDA23-5DAD-4E1C-B229-70B5701C21A0}.Debug|x86.Build.0 = Debug|x86
		{5BCEDA23-5DAD-4E1C-B229-70B5701C21A0}.Debug|x86.Deploy.0 = Debug|x86
		{5BCEDA23-5DAD-4E1C-B229-70B5701C21A0}.Release|Any CPU.ActiveCfg = Release|Any CPU
		{5BCEDA23-5DAD-4E1C-B229-70B5701C21A0}.Release|Any CPU.Build.0 = Release|Any CPU
		{5BCEDA23-5DAD-4E1C-B229-70B5701C21A0}.Release|Any CPU.Deploy.0 = Release|Any CPU
		{5BCEDA23-5DAD-4E1C-B229-70B5701C21A0}.Release|ARM.ActiveCfg = Release|ARM
		{5BCEDA23-5DAD-4E1C-B229-70B5701C21A0}.Release|ARM.Build.0 = Release|ARM
		{5BCEDA23-5DAD-4E1C-B229-70B5701C21A0}.Release|ARM.Deploy.0 = Release|ARM
		{5BCEDA23-5DAD-4E1C-B229-70B5701C21A0}.Release|iPhone.ActiveCfg = Release|Any CPU
		{5BCEDA23-5DAD-4E1C-B229-70B5701C21A0}.Release|iPhone.Build.0 = Release|Any CPU
		{5BCEDA23-5DAD-4E1C-B229-70B5701C21A0}.Release|iPhone.Deploy.0 = Release|Any CPU
		{5BCEDA23-5DAD-4E1C-B229-70B5701C21A0}.Release|iPhoneSimulator.ActiveCfg = Release|Any CPU
		{5BCEDA23-5DAD-4E1C-B229-70B5701C21A0}.Release|iPhoneSimulator.Build.0 = Release|Any CPU
		{5BCEDA23-5DAD-4E1C-B229-70B5701C21A0}.Release|iPhoneSimulator.Deploy.0 = Release|Any CPU
		{5BCEDA23-5DAD-4E1C-B229-70B5701C21A0}.Release|x64.ActiveCfg = Release|Any CPU
		{5BCEDA23-5DAD-4E1C-B229-70B5701C21A0}.Release|x64.Build.0 = Release|Any CPU
		{5BCEDA23-5DAD-4E1C-B229-70B5701C21A0}.Release|x64.Deploy.0 = Release|Any CPU
		{5BCEDA23-5DAD-4E1C-B229-70B5701C21A0}.Release|x86.ActiveCfg = Release|x86
		{5BCEDA23-5DAD-4E1C-B229-70B5701C21A0}.Release|x86.Build.0 = Release|x86
		{5BCEDA23-5DAD-4E1C-B229-70B5701C21A0}.Release|x86.Deploy.0 = Release|x86
		{E64BCDB8-639A-401D-AFB1-138CD7431D66}.Ad-Hoc|Any CPU.ActiveCfg = Release|x86
		{E64BCDB8-639A-401D-AFB1-138CD7431D66}.Ad-Hoc|Any CPU.Build.0 = Release|x86
		{E64BCDB8-639A-401D-AFB1-138CD7431D66}.Ad-Hoc|Any CPU.Deploy.0 = Release|x86
		{E64BCDB8-639A-401D-AFB1-138CD7431D66}.Ad-Hoc|ARM.ActiveCfg = Release|ARM
		{E64BCDB8-639A-401D-AFB1-138CD7431D66}.Ad-Hoc|ARM.Build.0 = Release|ARM
		{E64BCDB8-639A-401D-AFB1-138CD7431D66}.Ad-Hoc|ARM.Deploy.0 = Release|ARM
		{E64BCDB8-639A-401D-AFB1-138CD7431D66}.Ad-Hoc|iPhone.ActiveCfg = Release|x86
		{E64BCDB8-639A-401D-AFB1-138CD7431D66}.Ad-Hoc|iPhone.Build.0 = Release|x86
		{E64BCDB8-639A-401D-AFB1-138CD7431D66}.Ad-Hoc|iPhone.Deploy.0 = Release|x86
		{E64BCDB8-639A-401D-AFB1-138CD7431D66}.Ad-Hoc|iPhoneSimulator.ActiveCfg = Release|x86
		{E64BCDB8-639A-401D-AFB1-138CD7431D66}.Ad-Hoc|iPhoneSimulator.Build.0 = Release|x86
		{E64BCDB8-639A-401D-AFB1-138CD7431D66}.Ad-Hoc|iPhoneSimulator.Deploy.0 = Release|x86
		{E64BCDB8-639A-401D-AFB1-138CD7431D66}.Ad-Hoc|x64.ActiveCfg = Release|x64
		{E64BCDB8-639A-401D-AFB1-138CD7431D66}.Ad-Hoc|x64.Build.0 = Release|x64
		{E64BCDB8-639A-401D-AFB1-138CD7431D66}.Ad-Hoc|x64.Deploy.0 = Release|x64
		{E64BCDB8-639A-401D-AFB1-138CD7431D66}.Ad-Hoc|x86.ActiveCfg = Release|x86
		{E64BCDB8-639A-401D-AFB1-138CD7431D66}.Ad-Hoc|x86.Build.0 = Release|x86
		{E64BCDB8-639A-401D-AFB1-138CD7431D66}.Ad-Hoc|x86.Deploy.0 = Release|x86
		{E64BCDB8-639A-401D-AFB1-138CD7431D66}.AppStore|Any CPU.ActiveCfg = Release|x86
		{E64BCDB8-639A-401D-AFB1-138CD7431D66}.AppStore|Any CPU.Build.0 = Release|x86
		{E64BCDB8-639A-401D-AFB1-138CD7431D66}.AppStore|Any CPU.Deploy.0 = Release|x86
		{E64BCDB8-639A-401D-AFB1-138CD7431D66}.AppStore|ARM.ActiveCfg = Release|ARM
		{E64BCDB8-639A-401D-AFB1-138CD7431D66}.AppStore|ARM.Build.0 = Release|ARM
		{E64BCDB8-639A-401D-AFB1-138CD7431D66}.AppStore|ARM.Deploy.0 = Release|ARM
		{E64BCDB8-639A-401D-AFB1-138CD7431D66}.AppStore|iPhone.ActiveCfg = Release|x86
		{E64BCDB8-639A-401D-AFB1-138CD7431D66}.AppStore|iPhone.Build.0 = Release|x86
		{E64BCDB8-639A-401D-AFB1-138CD7431D66}.AppStore|iPhone.Deploy.0 = Release|x86
		{E64BCDB8-639A-401D-AFB1-138CD7431D66}.AppStore|iPhoneSimulator.ActiveCfg = Release|x86
		{E64BCDB8-639A-401D-AFB1-138CD7431D66}.AppStore|iPhoneSimulator.Build.0 = Release|x86
		{E64BCDB8-639A-401D-AFB1-138CD7431D66}.AppStore|iPhoneSimulator.Deploy.0 = Release|x86
		{E64BCDB8-639A-401D-AFB1-138CD7431D66}.AppStore|x64.ActiveCfg = Release|x64
		{E64BCDB8-639A-401D-AFB1-138CD7431D66}.AppStore|x64.Build.0 = Release|x64
		{E64BCDB8-639A-401D-AFB1-138CD7431D66}.AppStore|x64.Deploy.0 = Release|x64
		{E64BCDB8-639A-401D-AFB1-138CD7431D66}.AppStore|x86.ActiveCfg = Release|x86
		{E64BCDB8-639A-401D-AFB1-138CD7431D66}.AppStore|x86.Build.0 = Release|x86
		{E64BCDB8-639A-401D-AFB1-138CD7431D66}.AppStore|x86.Deploy.0 = Release|x86
		{E64BCDB8-639A-401D-AFB1-138CD7431D66}.Debug|Any CPU.ActiveCfg = Debug|x86
		{E64BCDB8-639A-401D-AFB1-138CD7431D66}.Debug|ARM.ActiveCfg = Debug|ARM
		{E64BCDB8-639A-401D-AFB1-138CD7431D66}.Debug|ARM.Build.0 = Debug|ARM
		{E64BCDB8-639A-401D-AFB1-138CD7431D66}.Debug|ARM.Deploy.0 = Debug|ARM
		{E64BCDB8-639A-401D-AFB1-138CD7431D66}.Debug|iPhone.ActiveCfg = Debug|x86
		{E64BCDB8-639A-401D-AFB1-138CD7431D66}.Debug|iPhoneSimulator.ActiveCfg = Debug|x86
		{E64BCDB8-639A-401D-AFB1-138CD7431D66}.Debug|x64.ActiveCfg = Debug|x64
		{E64BCDB8-639A-401D-AFB1-138CD7431D66}.Debug|x64.Build.0 = Debug|x64
		{E64BCDB8-639A-401D-AFB1-138CD7431D66}.Debug|x64.Deploy.0 = Debug|x64
		{E64BCDB8-639A-401D-AFB1-138CD7431D66}.Debug|x86.ActiveCfg = Debug|x86
		{E64BCDB8-639A-401D-AFB1-138CD7431D66}.Debug|x86.Build.0 = Debug|x86
		{E64BCDB8-639A-401D-AFB1-138CD7431D66}.Debug|x86.Deploy.0 = Debug|x86
		{E64BCDB8-639A-401D-AFB1-138CD7431D66}.Release|Any CPU.ActiveCfg = Release|x86
		{E64BCDB8-639A-401D-AFB1-138CD7431D66}.Release|ARM.ActiveCfg = Release|ARM
		{E64BCDB8-639A-401D-AFB1-138CD7431D66}.Release|ARM.Build.0 = Release|ARM
		{E64BCDB8-639A-401D-AFB1-138CD7431D66}.Release|ARM.Deploy.0 = Release|ARM
		{E64BCDB8-639A-401D-AFB1-138CD7431D66}.Release|iPhone.ActiveCfg = Release|x86
		{E64BCDB8-639A-401D-AFB1-138CD7431D66}.Release|iPhoneSimulator.ActiveCfg = Release|x86
		{E64BCDB8-639A-401D-AFB1-138CD7431D66}.Release|x64.ActiveCfg = Release|x64
		{E64BCDB8-639A-401D-AFB1-138CD7431D66}.Release|x64.Build.0 = Release|x64
		{E64BCDB8-639A-401D-AFB1-138CD7431D66}.Release|x64.Deploy.0 = Release|x64
		{E64BCDB8-639A-401D-AFB1-138CD7431D66}.Release|x86.ActiveCfg = Release|x86
		{E64BCDB8-639A-401D-AFB1-138CD7431D66}.Release|x86.Build.0 = Release|x86
		{E64BCDB8-639A-401D-AFB1-138CD7431D66}.Release|x86.Deploy.0 = Release|x86
		{7E16D3EA-FDE4-42F0-8650-16ABAA319895}.Ad-Hoc|Any CPU.ActiveCfg = Release|Any CPU
		{7E16D3EA-FDE4-42F0-8650-16ABAA319895}.Ad-Hoc|Any CPU.Build.0 = Release|Any CPU
		{7E16D3EA-FDE4-42F0-8650-16ABAA319895}.Ad-Hoc|Any CPU.Deploy.0 = Release|Any CPU
		{7E16D3EA-FDE4-42F0-8650-16ABAA319895}.Ad-Hoc|ARM.ActiveCfg = Release|ARM
		{7E16D3EA-FDE4-42F0-8650-16ABAA319895}.Ad-Hoc|ARM.Build.0 = Release|ARM
		{7E16D3EA-FDE4-42F0-8650-16ABAA319895}.Ad-Hoc|ARM.Deploy.0 = Release|ARM
		{7E16D3EA-FDE4-42F0-8650-16ABAA319895}.Ad-Hoc|iPhone.ActiveCfg = Release|Any CPU
		{7E16D3EA-FDE4-42F0-8650-16ABAA319895}.Ad-Hoc|iPhone.Build.0 = Release|Any CPU
		{7E16D3EA-FDE4-42F0-8650-16ABAA319895}.Ad-Hoc|iPhone.Deploy.0 = Release|Any CPU
		{7E16D3EA-FDE4-42F0-8650-16ABAA319895}.Ad-Hoc|iPhoneSimulator.ActiveCfg = Release|Any CPU
		{7E16D3EA-FDE4-42F0-8650-16ABAA319895}.Ad-Hoc|iPhoneSimulator.Build.0 = Release|Any CPU
		{7E16D3EA-FDE4-42F0-8650-16ABAA319895}.Ad-Hoc|iPhoneSimulator.Deploy.0 = Release|Any CPU
		{7E16D3EA-FDE4-42F0-8650-16ABAA319895}.Ad-Hoc|x64.ActiveCfg = Release|x64
		{7E16D3EA-FDE4-42F0-8650-16ABAA319895}.Ad-Hoc|x64.Build.0 = Release|x64
		{7E16D3EA-FDE4-42F0-8650-16ABAA319895}.Ad-Hoc|x64.Deploy.0 = Release|x64
		{7E16D3EA-FDE4-42F0-8650-16ABAA319895}.Ad-Hoc|x86.ActiveCfg = Release|x86
		{7E16D3EA-FDE4-42F0-8650-16ABAA319895}.Ad-Hoc|x86.Build.0 = Release|x86
		{7E16D3EA-FDE4-42F0-8650-16ABAA319895}.Ad-Hoc|x86.Deploy.0 = Release|x86
		{7E16D3EA-FDE4-42F0-8650-16ABAA319895}.AppStore|Any CPU.ActiveCfg = Release|Any CPU
		{7E16D3EA-FDE4-42F0-8650-16ABAA319895}.AppStore|Any CPU.Build.0 = Release|Any CPU
		{7E16D3EA-FDE4-42F0-8650-16ABAA319895}.AppStore|Any CPU.Deploy.0 = Release|Any CPU
		{7E16D3EA-FDE4-42F0-8650-16ABAA319895}.AppStore|ARM.ActiveCfg = Release|ARM
		{7E16D3EA-FDE4-42F0-8650-16ABAA319895}.AppStore|ARM.Build.0 = Release|ARM
		{7E16D3EA-FDE4-42F0-8650-16ABAA319895}.AppStore|ARM.Deploy.0 = Release|ARM
		{7E16D3EA-FDE4-42F0-8650-16ABAA319895}.AppStore|iPhone.ActiveCfg = Release|Any CPU
		{7E16D3EA-FDE4-42F0-8650-16ABAA319895}.AppStore|iPhone.Build.0 = Release|Any CPU
		{7E16D3EA-FDE4-42F0-8650-16ABAA319895}.AppStore|iPhone.Deploy.0 = Release|Any CPU
		{7E16D3EA-FDE4-42F0-8650-16ABAA319895}.AppStore|iPhoneSimulator.ActiveCfg = Release|Any CPU
		{7E16D3EA-FDE4-42F0-8650-16ABAA319895}.AppStore|iPhoneSimulator.Build.0 = Release|Any CPU
		{7E16D3EA-FDE4-42F0-8650-16ABAA319895}.AppStore|iPhoneSimulator.Deploy.0 = Release|Any CPU
		{7E16D3EA-FDE4-42F0-8650-16ABAA319895}.AppStore|x64.ActiveCfg = Release|x64
		{7E16D3EA-FDE4-42F0-8650-16ABAA319895}.AppStore|x64.Build.0 = Release|x64
		{7E16D3EA-FDE4-42F0-8650-16ABAA319895}.AppStore|x64.Deploy.0 = Release|x64
		{7E16D3EA-FDE4-42F0-8650-16ABAA319895}.AppStore|x86.ActiveCfg = Release|x86
		{7E16D3EA-FDE4-42F0-8650-16ABAA319895}.AppStore|x86.Build.0 = Release|x86
		{7E16D3EA-FDE4-42F0-8650-16ABAA319895}.AppStore|x86.Deploy.0 = Release|x86
		{7E16D3EA-FDE4-42F0-8650-16ABAA319895}.Debug|Any CPU.ActiveCfg = Debug|Any CPU
		{7E16D3EA-FDE4-42F0-8650-16ABAA319895}.Debug|Any CPU.Build.0 = Debug|Any CPU
		{7E16D3EA-FDE4-42F0-8650-16ABAA319895}.Debug|Any CPU.Deploy.0 = Debug|Any CPU
		{7E16D3EA-FDE4-42F0-8650-16ABAA319895}.Debug|ARM.ActiveCfg = Debug|ARM
		{7E16D3EA-FDE4-42F0-8650-16ABAA319895}.Debug|ARM.Build.0 = Debug|ARM
		{7E16D3EA-FDE4-42F0-8650-16ABAA319895}.Debug|ARM.Deploy.0 = Debug|ARM
		{7E16D3EA-FDE4-42F0-8650-16ABAA319895}.Debug|iPhone.ActiveCfg = Debug|Any CPU
		{7E16D3EA-FDE4-42F0-8650-16ABAA319895}.Debug|iPhone.Build.0 = Debug|Any CPU
		{7E16D3EA-FDE4-42F0-8650-16ABAA319895}.Debug|iPhone.Deploy.0 = Debug|Any CPU
		{7E16D3EA-FDE4-42F0-8650-16ABAA319895}.Debug|iPhoneSimulator.ActiveCfg = Debug|Any CPU
		{7E16D3EA-FDE4-42F0-8650-16ABAA319895}.Debug|iPhoneSimulator.Build.0 = Debug|Any CPU
		{7E16D3EA-FDE4-42F0-8650-16ABAA319895}.Debug|iPhoneSimulator.Deploy.0 = Debug|Any CPU
		{7E16D3EA-FDE4-42F0-8650-16ABAA319895}.Debug|x64.ActiveCfg = Debug|x64
		{7E16D3EA-FDE4-42F0-8650-16ABAA319895}.Debug|x64.Build.0 = Debug|x64
		{7E16D3EA-FDE4-42F0-8650-16ABAA319895}.Debug|x64.Deploy.0 = Debug|x64
		{7E16D3EA-FDE4-42F0-8650-16ABAA319895}.Debug|x86.ActiveCfg = Debug|x86
		{7E16D3EA-FDE4-42F0-8650-16ABAA319895}.Debug|x86.Build.0 = Debug|x86
		{7E16D3EA-FDE4-42F0-8650-16ABAA319895}.Debug|x86.Deploy.0 = Debug|x86
		{7E16D3EA-FDE4-42F0-8650-16ABAA319895}.Release|Any CPU.ActiveCfg = Release|Any CPU
		{7E16D3EA-FDE4-42F0-8650-16ABAA319895}.Release|Any CPU.Build.0 = Release|Any CPU
		{7E16D3EA-FDE4-42F0-8650-16ABAA319895}.Release|Any CPU.Deploy.0 = Release|Any CPU
		{7E16D3EA-FDE4-42F0-8650-16ABAA319895}.Release|ARM.ActiveCfg = Release|ARM
		{7E16D3EA-FDE4-42F0-8650-16ABAA319895}.Release|ARM.Build.0 = Release|ARM
		{7E16D3EA-FDE4-42F0-8650-16ABAA319895}.Release|ARM.Deploy.0 = Release|ARM
		{7E16D3EA-FDE4-42F0-8650-16ABAA319895}.Release|iPhone.ActiveCfg = Release|Any CPU
		{7E16D3EA-FDE4-42F0-8650-16ABAA319895}.Release|iPhone.Build.0 = Release|Any CPU
		{7E16D3EA-FDE4-42F0-8650-16ABAA319895}.Release|iPhone.Deploy.0 = Release|Any CPU
		{7E16D3EA-FDE4-42F0-8650-16ABAA319895}.Release|iPhoneSimulator.ActiveCfg = Release|Any CPU
		{7E16D3EA-FDE4-42F0-8650-16ABAA319895}.Release|iPhoneSimulator.Build.0 = Release|Any CPU
		{7E16D3EA-FDE4-42F0-8650-16ABAA319895}.Release|iPhoneSimulator.Deploy.0 = Release|Any CPU
		{7E16D3EA-FDE4-42F0-8650-16ABAA319895}.Release|x64.ActiveCfg = Release|x64
		{7E16D3EA-FDE4-42F0-8650-16ABAA319895}.Release|x64.Build.0 = Release|x64
		{7E16D3EA-FDE4-42F0-8650-16ABAA319895}.Release|x64.Deploy.0 = Release|x64
		{7E16D3EA-FDE4-42F0-8650-16ABAA319895}.Release|x86.ActiveCfg = Release|x86
		{7E16D3EA-FDE4-42F0-8650-16ABAA319895}.Release|x86.Build.0 = Release|x86
		{7E16D3EA-FDE4-42F0-8650-16ABAA319895}.Release|x86.Deploy.0 = Release|x86
		{C888414F-8B81-459E-82FE-52E2837D1DB7}.Ad-Hoc|Any CPU.ActiveCfg = Release|Any CPU
		{C888414F-8B81-459E-82FE-52E2837D1DB7}.Ad-Hoc|Any CPU.Build.0 = Release|Any CPU
		{C888414F-8B81-459E-82FE-52E2837D1DB7}.Ad-Hoc|ARM.ActiveCfg = Release|Any CPU
		{C888414F-8B81-459E-82FE-52E2837D1DB7}.Ad-Hoc|ARM.Build.0 = Release|Any CPU
		{C888414F-8B81-459E-82FE-52E2837D1DB7}.Ad-Hoc|iPhone.ActiveCfg = Release|Any CPU
		{C888414F-8B81-459E-82FE-52E2837D1DB7}.Ad-Hoc|iPhone.Build.0 = Release|Any CPU
		{C888414F-8B81-459E-82FE-52E2837D1DB7}.Ad-Hoc|iPhoneSimulator.ActiveCfg = Release|Any CPU
		{C888414F-8B81-459E-82FE-52E2837D1DB7}.Ad-Hoc|iPhoneSimulator.Build.0 = Release|Any CPU
		{C888414F-8B81-459E-82FE-52E2837D1DB7}.Ad-Hoc|x64.ActiveCfg = Release|Any CPU
		{C888414F-8B81-459E-82FE-52E2837D1DB7}.Ad-Hoc|x64.Build.0 = Release|Any CPU
		{C888414F-8B81-459E-82FE-52E2837D1DB7}.Ad-Hoc|x86.ActiveCfg = Release|Any CPU
		{C888414F-8B81-459E-82FE-52E2837D1DB7}.Ad-Hoc|x86.Build.0 = Release|Any CPU
		{C888414F-8B81-459E-82FE-52E2837D1DB7}.AppStore|Any CPU.ActiveCfg = Release|Any CPU
		{C888414F-8B81-459E-82FE-52E2837D1DB7}.AppStore|Any CPU.Build.0 = Release|Any CPU
		{C888414F-8B81-459E-82FE-52E2837D1DB7}.AppStore|ARM.ActiveCfg = Release|Any CPU
		{C888414F-8B81-459E-82FE-52E2837D1DB7}.AppStore|ARM.Build.0 = Release|Any CPU
		{C888414F-8B81-459E-82FE-52E2837D1DB7}.AppStore|iPhone.ActiveCfg = Release|Any CPU
		{C888414F-8B81-459E-82FE-52E2837D1DB7}.AppStore|iPhone.Build.0 = Release|Any CPU
		{C888414F-8B81-459E-82FE-52E2837D1DB7}.AppStore|iPhoneSimulator.ActiveCfg = Release|Any CPU
		{C888414F-8B81-459E-82FE-52E2837D1DB7}.AppStore|iPhoneSimulator.Build.0 = Release|Any CPU
		{C888414F-8B81-459E-82FE-52E2837D1DB7}.AppStore|x64.ActiveCfg = Release|Any CPU
		{C888414F-8B81-459E-82FE-52E2837D1DB7}.AppStore|x64.Build.0 = Release|Any CPU
		{C888414F-8B81-459E-82FE-52E2837D1DB7}.AppStore|x86.ActiveCfg = Release|Any CPU
		{C888414F-8B81-459E-82FE-52E2837D1DB7}.AppStore|x86.Build.0 = Release|Any CPU
		{C888414F-8B81-459E-82FE-52E2837D1DB7}.Debug|Any CPU.ActiveCfg = Debug|Any CPU
		{C888414F-8B81-459E-82FE-52E2837D1DB7}.Debug|Any CPU.Build.0 = Debug|Any CPU
		{C888414F-8B81-459E-82FE-52E2837D1DB7}.Debug|ARM.ActiveCfg = Debug|Any CPU
		{C888414F-8B81-459E-82FE-52E2837D1DB7}.Debug|ARM.Build.0 = Debug|Any CPU
		{C888414F-8B81-459E-82FE-52E2837D1DB7}.Debug|iPhone.ActiveCfg = Debug|Any CPU
		{C888414F-8B81-459E-82FE-52E2837D1DB7}.Debug|iPhone.Build.0 = Debug|Any CPU
		{C888414F-8B81-459E-82FE-52E2837D1DB7}.Debug|iPhoneSimulator.ActiveCfg = Debug|Any CPU
		{C888414F-8B81-459E-82FE-52E2837D1DB7}.Debug|iPhoneSimulator.Build.0 = Debug|Any CPU
		{C888414F-8B81-459E-82FE-52E2837D1DB7}.Debug|x64.ActiveCfg = Debug|Any CPU
		{C888414F-8B81-459E-82FE-52E2837D1DB7}.Debug|x64.Build.0 = Debug|Any CPU
		{C888414F-8B81-459E-82FE-52E2837D1DB7}.Debug|x86.ActiveCfg = Debug|Any CPU
		{C888414F-8B81-459E-82FE-52E2837D1DB7}.Debug|x86.Build.0 = Debug|Any CPU
		{C888414F-8B81-459E-82FE-52E2837D1DB7}.Release|Any CPU.ActiveCfg = Release|Any CPU
		{C888414F-8B81-459E-82FE-52E2837D1DB7}.Release|Any CPU.Build.0 = Release|Any CPU
		{C888414F-8B81-459E-82FE-52E2837D1DB7}.Release|ARM.ActiveCfg = Release|Any CPU
		{C888414F-8B81-459E-82FE-52E2837D1DB7}.Release|ARM.Build.0 = Release|Any CPU
		{C888414F-8B81-459E-82FE-52E2837D1DB7}.Release|iPhone.ActiveCfg = Release|Any CPU
		{C888414F-8B81-459E-82FE-52E2837D1DB7}.Release|iPhone.Build.0 = Release|Any CPU
		{C888414F-8B81-459E-82FE-52E2837D1DB7}.Release|iPhoneSimulator.ActiveCfg = Release|Any CPU
		{C888414F-8B81-459E-82FE-52E2837D1DB7}.Release|iPhoneSimulator.Build.0 = Release|Any CPU
		{C888414F-8B81-459E-82FE-52E2837D1DB7}.Release|x64.ActiveCfg = Release|Any CPU
		{C888414F-8B81-459E-82FE-52E2837D1DB7}.Release|x64.Build.0 = Release|Any CPU
		{C888414F-8B81-459E-82FE-52E2837D1DB7}.Release|x86.ActiveCfg = Release|Any CPU
		{C888414F-8B81-459E-82FE-52E2837D1DB7}.Release|x86.Build.0 = Release|Any CPU
	EndGlobalSection
	GlobalSection(SolutionProperties) = preSolution
		HideSolutionNode = FALSE
	EndGlobalSection
EndGlobal
